
Microsoft Visual Studio Solution File, Format Version 12.00
# Visual Studio Version 17
VisualStudioVersion = 17.1.31911.260
MinimumVisualStudioVersion = 10.0.40219.1
Project("{9A19103F-16F7-4668-BE54-9A1E7A4F7556}") = "App.TaskManagement", "App.TaskManagement\App.TaskManagement.csproj", "{A443F8DC-EA26-4DB1-AC3F-F1D571768126}"
EndProject
Project("{9A19103F-16F7-4668-BE54-9A1E7A4F7556}") = "Library.TaskManagement", "Library.TaskManagement\Library.TaskManagement.csproj", "{35676866-DAC3-43C6-B07A-E636DFBCD7A5}"
EndProject
Project("{FAE04EC0-301F-11D3-BF4B-00C04F79EFBC}") = "UWP.TaskManagement", "UWP.TaskManagement\UWP.TaskManagement.csproj", "{3E926DAC-16F0-4029-900E-0D173A17FA0A}"
EndProject
Global
	GlobalSection(SolutionConfigurationPlatforms) = preSolution
		Debug|Any CPU = Debug|Any CPU
		Debug|ARM = Debug|ARM
		Debug|ARM64 = Debug|ARM64
		Debug|x64 = Debug|x64
		Debug|x86 = Debug|x86
		Release|Any CPU = Release|Any CPU
		Release|ARM = Release|ARM
		Release|ARM64 = Release|ARM64
		Release|x64 = Release|x64
		Release|x86 = Release|x86
	EndGlobalSection
	GlobalSection(ProjectConfigurationPlatforms) = postSolution
		{A443F8DC-EA26-4DB1-AC3F-F1D571768126}.Debug|Any CPU.ActiveCfg = Debug|Any CPU
		{A443F8DC-EA26-4DB1-AC3F-F1D571768126}.Debug|Any CPU.Build.0 = Debug|Any CPU
		{A443F8DC-EA26-4DB1-AC3F-F1D571768126}.Debug|ARM.ActiveCfg = Debug|Any CPU
		{A443F8DC-EA26-4DB1-AC3F-F1D571768126}.Debug|ARM.Build.0 = Debug|Any CPU
		{A443F8DC-EA26-4DB1-AC3F-F1D571768126}.Debug|ARM64.ActiveCfg = Debug|Any CPU
		{A443F8DC-EA26-4DB1-AC3F-F1D571768126}.Debug|ARM64.Build.0 = Debug|Any CPU
		{A443F8DC-EA26-4DB1-AC3F-F1D571768126}.Debug|x64.ActiveCfg = Debug|Any CPU
		{A443F8DC-EA26-4DB1-AC3F-F1D571768126}.Debug|x64.Build.0 = Debug|Any CPU
		{A443F8DC-EA26-4DB1-AC3F-F1D571768126}.Debug|x86.ActiveCfg = Debug|Any CPU
		{A443F8DC-EA26-4DB1-AC3F-F1D571768126}.Debug|x86.Build.0 = Debug|Any CPU
		{A443F8DC-EA26-4DB1-AC3F-F1D571768126}.Release|Any CPU.ActiveCfg = Release|Any CPU
		{A443F8DC-EA26-4DB1-AC3F-F1D571768126}.Release|Any CPU.Build.0 = Release|Any CPU
		{A443F8DC-EA26-4DB1-AC3F-F1D571768126}.Release|ARM.ActiveCfg = Release|Any CPU
		{A443F8DC-EA26-4DB1-AC3F-F1D571768126}.Release|ARM.Build.0 = Release|Any CPU
		{A443F8DC-EA26-4DB1-AC3F-F1D571768126}.Release|ARM64.ActiveCfg = Release|Any CPU
		{A443F8DC-EA26-4DB1-AC3F-F1D571768126}.Release|ARM64.Build.0 = Release|Any CPU
		{A443F8DC-EA26-4DB1-AC3F-F1D571768126}.Release|x64.ActiveCfg = Release|Any CPU
		{A443F8DC-EA26-4DB1-AC3F-F1D571768126}.Release|x64.Build.0 = Release|Any CPU
		{A443F8DC-EA26-4DB1-AC3F-F1D571768126}.Release|x86.ActiveCfg = Release|Any CPU
		{A443F8DC-EA26-4DB1-AC3F-F1D571768126}.Release|x86.Build.0 = Release|Any CPU
		{35676866-DAC3-43C6-B07A-E636DFBCD7A5}.Debug|Any CPU.ActiveCfg = Debug|Any CPU
		{35676866-DAC3-43C6-B07A-E636DFBCD7A5}.Debug|Any CPU.Build.0 = Debug|Any CPU
		{35676866-DAC3-43C6-B07A-E636DFBCD7A5}.Debug|ARM.ActiveCfg = Debug|Any CPU
		{35676866-DAC3-43C6-B07A-E636DFBCD7A5}.Debug|ARM.Build.0 = Debug|Any CPU
		{35676866-DAC3-43C6-B07A-E636DFBCD7A5}.Debug|ARM64.ActiveCfg = Debug|Any CPU
		{35676866-DAC3-43C6-B07A-E636DFBCD7A5}.Debug|ARM64.Build.0 = Debug|Any CPU
		{35676866-DAC3-43C6-B07A-E636DFBCD7A5}.Debug|x64.ActiveCfg = Debug|Any CPU
		{35676866-DAC3-43C6-B07A-E636DFBCD7A5}.Debug|x64.Build.0 = Debug|Any CPU
		{35676866-DAC3-43C6-B07A-E636DFBCD7A5}.Debug|x86.ActiveCfg = Debug|Any CPU
		{35676866-DAC3-43C6-B07A-E636DFBCD7A5}.Debug|x86.Build.0 = Debug|Any CPU
		{35676866-DAC3-43C6-B07A-E636DFBCD7A5}.Release|Any CPU.ActiveCfg = Release|Any CPU
		{35676866-DAC3-43C6-B07A-E636DFBCD7A5}.Release|Any CPU.Build.0 = Release|Any CPU
		{35676866-DAC3-43C6-B07A-E636DFBCD7A5}.Release|ARM.ActiveCfg = Release|Any CPU
		{35676866-DAC3-43C6-B07A-E636DFBCD7A5}.Release|ARM.Build.0 = Release|Any CPU
		{35676866-DAC3-43C6-B07A-E636DFBCD7A5}.Release|ARM64.ActiveCfg = Release|Any CPU
		{35676866-DAC3-43C6-B07A-E636DFBCD7A5}.Release|ARM64.Build.0 = Release|Any CPU
		{35676866-DAC3-43C6-B07A-E636DFBCD7A5}.Release|x64.ActiveCfg = Release|Any CPU
		{35676866-DAC3-43C6-B07A-E636DFBCD7A5}.Release|x64.Build.0 = Release|Any CPU
		{35676866-DAC3-43C6-B07A-E636DFBCD7A5}.Release|x86.ActiveCfg = Release|Any CPU
		{35676866-DAC3-43C6-B07A-E636DFBCD7A5}.Release|x86.Build.0 = Release|Any CPU
		{3E926DAC-16F0-4029-900E-0D173A17FA0A}.Debug|Any CPU.ActiveCfg = Debug|x64
		{3E926DAC-16F0-4029-900E-0D173A17FA0A}.Debug|Any CPU.Build.0 = Debug|x64
		{3E926DAC-16F0-4029-900E-0D173A17FA0A}.Debug|Any CPU.Deploy.0 = Debug|x64
		{3E926DAC-16F0-4029-900E-0D173A17FA0A}.Debug|ARM.ActiveCfg = Debug|ARM
		{3E926DAC-16F0-4029-900E-0D173A17FA0A}.Debug|ARM.Build.0 = Debug|ARM
		{3E926DAC-16F0-4029-900E-0D173A17FA0A}.Debug|ARM.Deploy.0 = Debug|ARM
		{3E926DAC-16F0-4029-900E-0D173A17FA0A}.Debug|ARM64.ActiveCfg = Debug|ARM64
		{3E926DAC-16F0-4029-900E-0D173A17FA0A}.Debug|ARM64.Build.0 = Debug|ARM64
		{3E926DAC-16F0-4029-900E-0D173A17FA0A}.Debug|ARM64.Deploy.0 = Debug|ARM64
		{3E926DAC-16F0-4029-900E-0D173A17FA0A}.Debug|x64.ActiveCfg = Debug|x64
		{3E926DAC-16F0-4029-900E-0D173A17FA0A}.Debug|x64.Build.0 = Debug|x64
		{3E926DAC-16F0-4029-900E-0D173A17FA0A}.Debug|x64.Deploy.0 = Debug|x64
		{3E926DAC-16F0-4029-900E-0D173A17FA0A}.Debug|x86.ActiveCfg = Debug|x86
		{3E926DAC-16F0-4029-900E-0D173A17FA0A}.Debug|x86.Build.0 = Debug|x86
		{3E926DAC-16F0-4029-900E-0D173A17FA0A}.Debug|x86.Deploy.0 = Debug|x86
		{3E926DAC-16F0-4029-900E-0D173A17FA0A}.Release|Any CPU.ActiveCfg = Release|x64
		{3E926DAC-16F0-4029-900E-0D173A17FA0A}.Release|Any CPU.Build.0 = Release|x64
		{3E926DAC-16F0-4029-900E-0D173A17FA0A}.Release|Any CPU.Deploy.0 = Release|x64
		{3E926DAC-16F0-4029-900E-0D173A17FA0A}.Release|ARM.ActiveCfg = Release|ARM
		{3E926DAC-16F0-4029-900E-0D173A17FA0A}.Release|ARM.Build.0 = Release|ARM
		{3E926DAC-16F0-4029-900E-0D173A17FA0A}.Release|ARM.Deploy.0 = Release|ARM
		{3E926DAC-16F0-4029-900E-0D173A17FA0A}.Release|ARM64.ActiveCfg = Release|ARM64
		{3E926DAC-16F0-4029-900E-0D173A17FA0A}.Release|ARM64.Build.0 = Release|ARM64
		{3E926DAC-16F0-4029-900E-0D173A17FA0A}.Release|ARM64.Deploy.0 = Release|ARM64
		{3E926DAC-16F0-4029-900E-0D173A17FA0A}.Release|x64.ActiveCfg = Release|x64
		{3E926DAC-16F0-4029-900E-0D173A17FA0A}.Release|x64.Build.0 = Release|x64
		{3E926DAC-16F0-4029-900E-0D173A17FA0A}.Release|x64.Deploy.0 = Release|x64
		{3E926DAC-16F0-4029-900E-0D173A17FA0A}.Release|x86.ActiveCfg = Release|x86
		{3E926DAC-16F0-4029-900E-0D173A17FA0A}.Release|x86.Build.0 = Release|x86
		{3E926DAC-16F0-4029-900E-0D173A17FA0A}.Release|x86.Deploy.0 = Release|x86
	EndGlobalSection
	GlobalSection(SolutionProperties) = preSolution
		HideSolutionNode = FALSE
	EndGlobalSection
	GlobalSection(ExtensibilityGlobals) = postSolution
		SolutionGuid = {7050C956-257A-419C-A118-308A245A9C91}
	EndGlobalSection
EndGlobal
